
Microsoft Visual Studio Solution File, Format Version 12.00
# Visual Studio Version 17
VisualStudioVersion = 17.14.36623.8 d17.14
MinimumVisualStudioVersion = 10.0.40219.1
Project("{FAE04EC0-301F-11D3-BF4B-00C04F79EFBC}") = "TrueYield-API", "TrueYield-API.csproj", "{8C10D3CC-0D6B-4BC5-96E6-485BE1296B96}"
EndProject
Project("{FAE04EC0-301F-11D3-BF4B-00C04F79EFBC}") = "TrueYield-API-Tests", "..\TrueYield-API-Tests\TrueYield-API-Tests.csproj", "{2004081F-B076-4D46-9FFE-421FBD109942}"
EndProject
Global
	GlobalSection(SolutionConfigurationPlatforms) = preSolution
		Debug|Any CPU = Debug|Any CPU
		Release|Any CPU = Release|Any CPU
	EndGlobalSection
	GlobalSection(ProjectConfigurationPlatforms) = postSolution
		{8C10D3CC-0D6B-4BC5-96E6-485BE1296B96}.Debug|Any CPU.ActiveCfg = Debug|Any CPU
		{8C10D3CC-0D6B-4BC5-96E6-485BE1296B96}.Debug|Any CPU.Build.0 = Debug|Any CPU
		{8C10D3CC-0D6B-4BC5-96E6-485BE1296B96}.Release|Any CPU.ActiveCfg = Release|Any CPU
		{8C10D3CC-0D6B-4BC5-96E6-485BE1296B96}.Release|Any CPU.Build.0 = Release|Any CPU
		{2004081F-B076-4D46-9FFE-421FBD109942}.Debug|Any CPU.ActiveCfg = Debug|Any CPU
		{2004081F-B076-4D46-9FFE-421FBD109942}.Debug|Any CPU.Build.0 = Debug|Any CPU
		{2004081F-B076-4D46-9FFE-421FBD109942}.Release|Any CPU.ActiveCfg = Release|Any CPU
		{2004081F-B076-4D46-9FFE-421FBD109942}.Release|Any CPU.Build.0 = Release|Any CPU
	EndGlobalSection
	GlobalSection(SolutionProperties) = preSolution
		HideSolutionNode = FALSE
	EndGlobalSection
	GlobalSection(ExtensibilityGlobals) = postSolution
		SolutionGuid = {40BE3BFC-C37D-47A3-8878-15370979BEF3}
	EndGlobalSection
EndGlobal
